
Microsoft Visual Studio Solution File, Format Version 12.00
# Visual Studio Version 17
VisualStudioVersion = 17.9.34728.123
MinimumVisualStudioVersion = 10.0.40219.1
Project("{FAE04EC0-301F-11D3-BF4B-00C04F79EFBC}") = "RabbitMQSwitch", "RabbitMQSwitch\RabbitMQSwitch.csproj", "{B7A03483-2DA6-4EC9-9C48-FF82D1B81669}"
EndProject
Global
	GlobalSection(SolutionConfigurationPlatforms) = preSolution
		Debug|Any CPU = Debug|Any CPU
		Release|Any CPU = Release|Any CPU
	EndGlobalSection
	GlobalSection(ProjectConfigurationPlatforms) = postSolution
		{B7A03483-2DA6-4EC9-9C48-FF82D1B81669}.Debug|Any CPU.ActiveCfg = Debug|Any CPU
		{B7A03483-2DA6-4EC9-9C48-FF82D1B81669}.Debug|Any CPU.Build.0 = Debug|Any CPU
		{B7A03483-2DA6-4EC9-9C48-FF82D1B81669}.Release|Any CPU.ActiveCfg = Release|Any CPU
		{B7A03483-2DA6-4EC9-9C48-FF82D1B81669}.Release|Any CPU.Build.0 = Release|Any CPU
	EndGlobalSection
	GlobalSection(SolutionProperties) = preSolution
		HideSolutionNode = FALSE
	EndGlobalSection
	GlobalSection(ExtensibilityGlobals) = postSolution
		SolutionGuid = {BDC2D4B3-D7A5-4E50-B97B-B52A70AB2C95}
	EndGlobalSection
EndGlobal
