
Microsoft Visual Studio Solution File, Format Version 12.00
# Visual Studio Version 17
VisualStudioVersion = 17.9.34728.123
MinimumVisualStudioVersion = 10.0.40219.1
Project("{9A19103F-16F7-4668-BE54-9A1E7A4F7556}") = "LinqExtensionMethods", "LinqExtensionMethods\LinqExtensionMethods.csproj", "{4923400B-166E-4ECA-84DE-CE6E7EE7E153}"
EndProject
Project("{FAE04EC0-301F-11D3-BF4B-00C04F79EFBC}") = "LinqExtensionMethodTests", "LinqExtensionMethodTests\LinqExtensionMethodTests.csproj", "{08F7C2C0-C526-4E0B-AB1A-E8C756FB7EDA}"
EndProject
Project("{FAE04EC0-301F-11D3-BF4B-00C04F79EFBC}") = "LinqExtensionMethodsConsole", "LinqExtensionMethodsConsole\LinqExtensionMethodsConsole.csproj", "{F4FEC64A-A8A8-4634-9814-900E057754C1}"
EndProject
Global
	GlobalSection(SolutionConfigurationPlatforms) = preSolution
		Debug|Any CPU = Debug|Any CPU
		Release|Any CPU = Release|Any CPU
	EndGlobalSection
	GlobalSection(ProjectConfigurationPlatforms) = postSolution
		{4923400B-166E-4ECA-84DE-CE6E7EE7E153}.Debug|Any CPU.ActiveCfg = Debug|Any CPU
		{4923400B-166E-4ECA-84DE-CE6E7EE7E153}.Debug|Any CPU.Build.0 = Debug|Any CPU
		{4923400B-166E-4ECA-84DE-CE6E7EE7E153}.Release|Any CPU.ActiveCfg = Release|Any CPU
		{4923400B-166E-4ECA-84DE-CE6E7EE7E153}.Release|Any CPU.Build.0 = Release|Any CPU
		{08F7C2C0-C526-4E0B-AB1A-E8C756FB7EDA}.Debug|Any CPU.ActiveCfg = Debug|Any CPU
		{08F7C2C0-C526-4E0B-AB1A-E8C756FB7EDA}.Debug|Any CPU.Build.0 = Debug|Any CPU
		{08F7C2C0-C526-4E0B-AB1A-E8C756FB7EDA}.Release|Any CPU.ActiveCfg = Release|Any CPU
		{08F7C2C0-C526-4E0B-AB1A-E8C756FB7EDA}.Release|Any CPU.Build.0 = Release|Any CPU
		{F4FEC64A-A8A8-4634-9814-900E057754C1}.Debug|Any CPU.ActiveCfg = Debug|Any CPU
		{F4FEC64A-A8A8-4634-9814-900E057754C1}.Debug|Any CPU.Build.0 = Debug|Any CPU
		{F4FEC64A-A8A8-4634-9814-900E057754C1}.Release|Any CPU.ActiveCfg = Release|Any CPU
		{F4FEC64A-A8A8-4634-9814-900E057754C1}.Release|Any CPU.Build.0 = Release|Any CPU
	EndGlobalSection
	GlobalSection(SolutionProperties) = preSolution
		HideSolutionNode = FALSE
	EndGlobalSection
	GlobalSection(ExtensibilityGlobals) = postSolution
		SolutionGuid = {8BBAE550-66ED-4EEC-BD7D-54CCB01E59E1}
	EndGlobalSection
EndGlobal
